{
  "version": "5",
  "specifiers": {
    "jsr:@b-fuze/deno-dom@0.1.56": "0.1.56",
    "jsr:@denosaurs/plug@1.1.0": "1.1.0",
    "jsr:@hono/hono@4.10.2": "4.10.2",
    "jsr:@jcs224/hono-sessions@0.8.0": "0.8.0",
    "jsr:@mjackson/multipart-parser@0.10.1": "0.10.1",
    "jsr:@std/assert@1.0.15": "1.0.15",
    "jsr:@std/assert@^1.0.15": "1.0.15",
    "jsr:@std/async@1.0.15": "1.0.15",
    "jsr:@std/async@^1.0.15": "1.0.15",
    "jsr:@std/bytes@^1.0.5": "1.0.6",
    "jsr:@std/bytes@^1.0.6": "1.0.6",
    "jsr:@std/cache@0.2.0": "0.2.0",
    "jsr:@std/cli@^1.0.23": "1.0.24",
    "jsr:@std/crypto@1.0.5": "1.0.5",
    "jsr:@std/data-structures@^1.0.9": "1.0.9",
    "jsr:@std/encoding@1": "1.0.10",
    "jsr:@std/encoding@1.0.10": "1.0.10",
    "jsr:@std/encoding@^1.0.10": "1.0.10",
    "jsr:@std/fmt@1": "1.0.8",
    "jsr:@std/fmt@^1.0.5": "1.0.8",
    "jsr:@std/fmt@^1.0.8": "1.0.8",
    "jsr:@std/fs@1": "1.0.20",
    "jsr:@std/fs@^1.0.11": "1.0.20",
    "jsr:@std/fs@^1.0.19": "1.0.20",
    "jsr:@std/html@^1.0.5": "1.0.5",
    "jsr:@std/http@1.0.21": "1.0.21",
    "jsr:@std/internal@^1.0.12": "1.0.12",
    "jsr:@std/io@~0.225.2": "0.225.2",
    "jsr:@std/json@1.0.2": "1.0.2",
    "jsr:@std/log@0.224.14": "0.224.14",
    "jsr:@std/media-types@^1.1.0": "1.1.0",
    "jsr:@std/msgpack@1.0.3": "1.0.3",
    "jsr:@std/net@^1.0.6": "1.0.6",
    "jsr:@std/path@1": "1.1.3",
    "jsr:@std/path@^1.1.2": "1.1.3",
    "jsr:@std/path@^1.1.3": "1.1.3",
    "jsr:@std/regexp@^1.0.1": "1.0.1",
    "jsr:@std/streams@1.0.13": "1.0.13",
    "jsr:@std/streams@^1.0.13": "1.0.13",
    "jsr:@std/streams@^1.0.9": "1.0.13",
    "jsr:@std/testing@1.0.16": "1.0.16",
    "jsr:@std/text@1.0.16": "1.0.16",
    "npm:@mjackson/headers@~0.11.1": "0.11.1",
    "npm:@types/diffable-html@5.0.2": "5.0.2",
    "npm:@vinejs/vine@4.0.1": "4.0.1",
    "npm:bootstrap-icons@1.13.1": "1.13.1",
    "npm:bootstrap@5.3.8": "5.3.8_@popperjs+core@2.11.8",
    "npm:dbmate@2.28.0": "2.28.0",
    "npm:diffable-html@6.0.1": "6.0.1",
    "npm:feed@5.1.0": "5.1.0",
    "npm:file-type@21.0.0": "21.0.0",
    "npm:hono@4": "4.10.7",
    "npm:iron-webcrypto@^1.2.1": "1.2.1",
    "npm:ms@2.1.3": "2.1.3",
    "npm:ohash@2": "2.0.11",
    "npm:pino-pretty@13.1.2": "13.1.2",
    "npm:pino-std-serializers@7.0.0": "7.0.0"
  },
  "jsr": {
    "@b-fuze/deno-dom@0.1.56": {
      "integrity": "8030e2dc1d8750f1682b53462ab893d9c3470f2287feecbe22f44a88c54ab148",
      "dependencies": [
        "jsr:@denosaurs/plug"
      ]
    },
    "@denosaurs/plug@1.1.0": {
      "integrity": "eb2f0b7546c7bca2000d8b0282c54d50d91cf6d75cb26a80df25a6de8c4bc044",
      "dependencies": [
        "jsr:@std/encoding@1",
        "jsr:@std/fmt@1",
        "jsr:@std/fs@1",
        "jsr:@std/path@1"
      ]
    },
    "@hono/hono@4.10.2": {
      "integrity": "9cdb32df3b1f8eba43b197035a90e0c3c543ddf99f75cebfa31a2414bc5633f8"
    },
    "@jcs224/hono-sessions@0.8.0": {
      "integrity": "8206fb587ec665a608c381fd7648f837a901e8a56857bac27745c521be69140e",
      "dependencies": [
        "npm:hono",
        "npm:iron-webcrypto",
        "npm:ohash"
      ]
    },
    "@mjackson/multipart-parser@0.10.1": {
      "integrity": "3d97055d48fd800150bf8d0319271b281f36c7909206c2f2bcfbc1873a8db33d",
      "dependencies": [
        "npm:@mjackson/headers"
      ]
    },
    "@std/assert@1.0.15": {
      "integrity": "d64018e951dbdfab9777335ecdb000c0b4e3df036984083be219ce5941e4703b",
      "dependencies": [
        "jsr:@std/internal"
      ]
    },
    "@std/async@1.0.15": {
      "integrity": "55d1d9d04f99403fe5730ab16bdcc3c47f658a6bf054cafb38a50f046238116e"
    },
    "@std/bytes@1.0.6": {
      "integrity": "f6ac6adbd8ccd99314045f5703e23af0a68d7f7e58364b47d2c7f408aeb5820a"
    },
    "@std/cache@0.2.0": {
      "integrity": "63a2ccd5a9e7c03e430f7d34dfcfd0d0cfc90731a1eaf8208f4c66e418fc3035"
    },
    "@std/cli@1.0.24": {
      "integrity": "b655a5beb26aa94f98add6bc8889f5fb9bc3ee2cc3fc954e151201f4c4200a5e"
    },
    "@std/crypto@1.0.5": {
      "integrity": "0dcfbb319fe0bba1bd3af904ceb4f948cde1b92979ec1614528380ed308a3b40"
    },
    "@std/data-structures@1.0.9": {
      "integrity": "033d6e17e64bf1f84a614e647c1b015fa2576ae3312305821e1a4cb20674bb4d"
    },
    "@std/encoding@1.0.10": {
      "integrity": "8783c6384a2d13abd5e9e87a7ae0520a30e9f56aeeaa3bdf910a3eaaf5c811a1"
    },
    "@std/fmt@1.0.8": {
      "integrity": "71e1fc498787e4434d213647a6e43e794af4fd393ef8f52062246e06f7e372b7"
    },
    "@std/fs@1.0.20": {
      "integrity": "e953206aae48d46ee65e8783ded459f23bec7dd1f3879512911c35e5484ea187",
      "dependencies": [
        "jsr:@std/internal",
        "jsr:@std/path@^1.1.3"
      ]
    },
    "@std/html@1.0.5": {
      "integrity": "4e2d693f474cae8c16a920fa5e15a3b72267b94b84667f11a50c6dd1cb18d35e"
    },
    "@std/http@1.0.21": {
      "integrity": "abb5c747651ee6e3ea6139858fd9b1810d2c97f53a5e6722f3b6d27a6d263edc",
      "dependencies": [
        "jsr:@std/cli",
        "jsr:@std/encoding@^1.0.10",
        "jsr:@std/fmt@^1.0.8",
        "jsr:@std/fs@^1.0.19",
        "jsr:@std/html",
        "jsr:@std/media-types",
        "jsr:@std/net",
        "jsr:@std/path@^1.1.2",
        "jsr:@std/streams@^1.0.13"
      ]
    },
    "@std/internal@1.0.12": {
      "integrity": "972a634fd5bc34b242024402972cd5143eac68d8dffaca5eaa4dba30ce17b027"
    },
    "@std/io@0.225.2": {
      "integrity": "3c740cd4ee4c082e6cfc86458f47e2ab7cb353dc6234d5e9b1f91a2de5f4d6c7"
    },
    "@std/json@1.0.2": {
      "integrity": "d9e5497801c15fb679f55a2c01c7794ad7a5dfda4dd1bebab5e409cb5e0d34d4",
      "dependencies": [
        "jsr:@std/streams@^1.0.9"
      ]
    },
    "@std/log@0.224.14": {
      "integrity": "257f7adceee3b53bb2bc86c7242e7d1bc59729e57d4981c4a7e5b876c808f05e",
      "dependencies": [
        "jsr:@std/fmt@^1.0.5",
        "jsr:@std/fs@^1.0.11",
        "jsr:@std/io"
      ]
    },
    "@std/media-types@1.1.0": {
      "integrity": "c9d093f0c05c3512932b330e3cc1fe1d627b301db33a4c2c2185c02471d6eaa4"
    },
    "@std/msgpack@1.0.3": {
      "integrity": "b384239867dfd08aba9069d433e415a8229c6f966716d6b7fd3972a6fe605848",
      "dependencies": [
        "jsr:@std/bytes@^1.0.5"
      ]
    },
    "@std/net@1.0.6": {
      "integrity": "110735f93e95bb9feb95790a8b1d1bf69ec0dc74f3f97a00a76ea5efea25500c"
    },
    "@std/path@1.1.3": {
      "integrity": "b015962d82a5e6daea980c32b82d2c40142149639968549c649031a230b1afb3",
      "dependencies": [
        "jsr:@std/internal"
      ]
    },
    "@std/regexp@1.0.1": {
      "integrity": "5179d823465085c5480dafb44438466e83c424fadc61ba31f744050ecc0f596d"
    },
    "@std/streams@1.0.13": {
      "integrity": "772d208cd0d3e5dac7c1d9e6cdb25842846d136eea4a41a62e44ed4ab0c8dd9e",
      "dependencies": [
        "jsr:@std/bytes@^1.0.6"
      ]
    },
    "@std/testing@1.0.16": {
      "integrity": "a917ffdeb5924c9be436dc78bc32e511760e14d3a96e49c607fc5ecca86d0092",
      "dependencies": [
        "jsr:@std/assert@^1.0.15",
        "jsr:@std/async@^1.0.15",
        "jsr:@std/data-structures",
        "jsr:@std/fs@^1.0.19",
        "jsr:@std/internal",
        "jsr:@std/path@^1.1.2"
      ]
    },
    "@std/text@1.0.16": {
      "integrity": "ddb9853b75119a2473857d691cf1ec02ad90793a2e8b4a4ac49d7354281a0cf8",
      "dependencies": [
        "jsr:@std/regexp"
      ]
    }
  },
  "npm": {
    "@borewit/text-codec@0.1.1": {
      "integrity": "sha512-5L/uBxmjaCIX5h8Z+uu+kA9BQLkc/Wl06UGR5ajNRxu+/XjonB5i8JpgFMrPj3LXTCPA0pv8yxUvbUi+QthGGA=="
    },
    "@dbmate/darwin-arm64@2.28.0": {
      "integrity": "sha512-ZFjSS9ceCF6Gr87qUZ96Ow08P5k1l0kiMNZEwni66gVIPseZFDLLIeaHBGOaVbcDyevFBlrWQb8+LESOKmGsOw==",
      "os": ["darwin"],
      "cpu": ["arm64"]
    },
    "@dbmate/darwin-x64@2.28.0": {
      "integrity": "sha512-7LA94QnQk9pnaC+tMOwHzx6wloZ160vGcW02mCz+6dHFdFk/Bha/zUgQFClg+wGlbqLKXqYfKLKYJnDjCEHa8w==",
      "os": ["darwin"],
      "cpu": ["x64"]
    },
    "@dbmate/linux-arm64@2.28.0": {
      "integrity": "sha512-K8XY3L0RB0qZ//Ct4ZuB5T3zwFGegbV2QUtvM7Dak5C178E0LQDl8uD2E6WURvV7oSpyjpCh9iq+4LoZ6N+EkQ==",
      "os": ["linux"],
      "cpu": ["arm64"]
    },
    "@dbmate/linux-arm@2.28.0": {
      "integrity": "sha512-mxZ5dd1RxiIGbh5l8Yc0r8/NXNRf0tz9UJ2hXZ63cmPoKwq9EQoPC6OChz3ahWO1/qdlgiCLy8iTeuvAl4RScA==",
      "os": ["linux"],
      "cpu": ["arm"]
    },
    "@dbmate/linux-ia32@2.28.0": {
      "integrity": "sha512-O+3AZT/aVa4qD7FQ44MNBhx2enel3f+Ioh4IXDvDdPqbzm4wjNj8DlHF3d9hJ0AwfEuq27KWyPqZi9pRmxdM6Q==",
      "os": ["linux"],
      "cpu": ["ia32"]
    },
    "@dbmate/linux-x64@2.28.0": {
      "integrity": "sha512-S4pV5HstfN/uLtrMcouxhn0zcErUGco98LWfzjY4Ylcv2pnc6rfzS6bBO6q0dHFbSPPZWOlsTY6Dw7WU4Uqcaw==",
      "os": ["linux"],
      "cpu": ["x64"]
    },
    "@dbmate/win32-x64@2.28.0": {
      "integrity": "sha512-AmP8/XkG8vXGhE0UcTxIujJcNSHuUpEGBG4hzKoAdvcWUKX6CYGyskiWfhBBe13O8xUBmii+kQ79uG75NUYlTw==",
      "os": ["win32"],
      "cpu": ["x64"]
    },
    "@mjackson/headers@0.11.1": {
      "integrity": "sha512-uXXhd4rtDdDwkqAuGef1nuafkCa1NlTmEc1Jzc0NL4YiA1yON1NFXuqJ3hOuKvNKQwkiDwdD+JJlKVyz4dunFA=="
    },
    "@popperjs/core@2.11.8": {
      "integrity": "sha512-P1st0aksCrn9sGZhp8GMYwBnQsbvAWsZAX44oXNNvLHGqAOcoVxmjZiohstwQ7SqKnbR47akdNi+uleWD8+g6A=="
    },
    "@poppinss/macroable@1.1.0": {
      "integrity": "sha512-y/YKzZDuG8XrpXpM7Z1RdQpiIc0MAKyva24Ux1PB4aI7RiSI/79K8JVDcdyubriTm7vJ1LhFs8CrZpmPnx/8Pw=="
    },
    "@standard-schema/spec@1.0.0": {
      "integrity": "sha512-m2bOd0f2RT9k8QJx1JN85cZYyH1RqFBdlwtkSlf4tBDYLCiiZnv1fIIwacK6cqwXavOydf0NPToMQgpKq+dVlA=="
    },
    "@tokenizer/inflate@0.2.7": {
      "integrity": "sha512-MADQgmZT1eKjp06jpI2yozxaU9uVs4GzzgSL+uEq7bVcJ9V1ZXQkeGNql1fsSI0gMy1vhvNTNbUqrx+pZfJVmg==",
      "dependencies": [
        "debug",
        "fflate",
        "token-types"
      ]
    },
    "@tokenizer/token@0.3.0": {
      "integrity": "sha512-OvjF+z51L3ov0OyAU0duzsYuvO01PH7x4t6DJx+guahgTnBHkhJdG7soQeTSFLWN3efnHyibZ4Z8l2EuWwJN3A=="
    },
    "@types/diffable-html@5.0.2": {
      "integrity": "sha512-VS6yWnAFw8Dm1BhrTwt84V5VWbdysOOF32vbCtQJMtJxzpLGAIZ5P+1NfRX0elYluZ70vwPkm9msdrHBB2ijFQ=="
    },
    "@types/validator@13.15.10": {
      "integrity": "sha512-T8L6i7wCuyoK8A/ZeLYt1+q0ty3Zb9+qbSSvrIVitzT3YjZqkTZ40IbRsPanlB4h1QB3JVL1SYCdR6ngtFYcuA=="
    },
    "@vinejs/compiler@4.1.1": {
      "integrity": "sha512-52k+YhWKSXaOkw3vUd7YzA70ycHp2JIwrgtljm0ZVZLFEtSK+LzDM9iSwDbtUBlXNSCamVTWrl5ZueTLi8f6SQ=="
    },
    "@vinejs/vine@4.0.1": {
      "integrity": "sha512-cgifoNJ4HzKWnaPEIiibf6LNLHU0MrdqjuJxy6q0G5HKLCNU43XFXjgMBzcgkA64NRwq7hsg71to89oGwFADPA==",
      "dependencies": [
        "@poppinss/macroable",
        "@standard-schema/spec",
        "@types/validator",
        "@vinejs/compiler",
        "camelcase",
        "dayjs",
        "dlv",
        "normalize-url",
        "validator"
      ]
    },
    "atomic-sleep@1.0.0": {
      "integrity": "sha512-kNOjDqAh7px0XWNI+4QbzoiR/nTkHAWNud2uvnJquD1/x5a7EQZMJT0AczqK0Qn67oY/TTQ1LbUKajZpp3I9tQ=="
    },
    "bootstrap-icons@1.13.1": {
      "integrity": "sha512-ijombt4v6bv5CLeXvRWKy7CuM3TRTuPEuGaGKvTV5cz65rQSY8RQ2JcHt6b90cBBAC7s8fsf2EkQDldzCoXUjw=="
    },
    "bootstrap@5.3.8_@popperjs+core@2.11.8": {
      "integrity": "sha512-HP1SZDqaLDPwsNiqRqi5NcP0SSXciX2s9E+RyqJIIqGo+vJeN5AJVM98CXmW/Wux0nQ5L7jeWUdplCEf0Ee+tg==",
      "dependencies": [
        "@popperjs/core"
      ]
    },
    "camelcase@8.0.0": {
      "integrity": "sha512-8WB3Jcas3swSvjIeA2yvCJ+Miyz5l1ZmB6HFb9R1317dt9LCQoswg/BGrmAmkWVEszSrrg4RwmO46qIm2OEnSA=="
    },
    "colorette@2.0.20": {
      "integrity": "sha512-IfEDxwoWIjkeXL1eXcDiow4UbKjhLdq6/EuSVR9GMN7KVH3r9gQ83e73hsz1Nd1T3ijd5xv1wcWRYO+D6kCI2w=="
    },
    "dateformat@4.6.3": {
      "integrity": "sha512-2P0p0pFGzHS5EMnhdxQi7aJN+iMheud0UhG4dlE1DLAlvL8JHjJJTX/CSm4JXwV0Ka5nGk3zC5mcb5bUQUxxMA=="
    },
    "dayjs@1.11.19": {
      "integrity": "sha512-t5EcLVS6QPBNqM2z8fakk/NKel+Xzshgt8FFKAn+qwlD1pzZWxh0nVCrvFK7ZDb6XucZeF9z8C7CBWTRIVApAw=="
    },
    "dbmate@2.28.0": {
      "integrity": "sha512-kbJ+Aqna/SOsS86RuimX8X/qmo9ItG00EYMUfUQmo3xGoXBac4+PZwOYV0fVPIGakIRljNolhfJySkPAFjmZsA==",
      "optionalDependencies": [
        "@dbmate/darwin-arm64",
        "@dbmate/darwin-x64",
        "@dbmate/linux-arm",
        "@dbmate/linux-arm64",
        "@dbmate/linux-ia32",
        "@dbmate/linux-x64",
        "@dbmate/win32-x64"
      ],
      "bin": true
    },
    "debug@4.4.3": {
      "integrity": "sha512-RGwwWnwQvkVfavKVt22FGLw+xYSdzARwm0ru6DhTVA3umU5hZc28V3kO4stgYryrTlLpuvgI9GiijltAjNbcqA==",
      "dependencies": [
        "ms"
      ]
    },
    "diffable-html@6.0.1": {
      "integrity": "sha512-z/AuT6urMKzCl1oz+HalSjjPxPMNKfbnWwzLzx/qWfzTQ3kBL8EnLKSCr2IpOofIpV+BA1Zd+e2eSzxGEQojUw==",
      "dependencies": [
        "htmlparser2"
      ]
    },
    "dlv@1.1.3": {
      "integrity": "sha512-+HlytyjlPKnIG8XuRG8WvmBP8xs8P71y+SKKS6ZXWoEgLuePxtDoUEiH7WkdePWrQ5JBpE6aoVqfZfJUQkjXwA=="
    },
    "dom-serializer@1.4.1": {
      "integrity": "sha512-VHwB3KfrcOOkelEG2ZOfxqLZdfkil8PtJi4P8N2MMXucZq2yLp75ClViUlOVwyoHEDjYU433Aq+5zWP61+RGag==",
      "dependencies": [
        "domelementtype",
        "domhandler@4.3.1",
        "entities"
      ]
    },
    "domelementtype@2.3.0": {
      "integrity": "sha512-OLETBj6w0OsagBwdXnPdN0cnMfF9opN69co+7ZrbfPGrdpPVNBUj02spi6B1N7wChLQiPn4CSH/zJvXw56gmHw=="
    },
    "domhandler@3.3.0": {
      "integrity": "sha512-J1C5rIANUbuYK+FuFL98650rihynUOEzRLxW+90bKZRWB6A1X1Tf82GxR1qAWLyfNPRvjqfip3Q5tdYlmAa9lA==",
      "dependencies": [
        "domelementtype"
      ]
    },
    "domhandler@4.3.1": {
      "integrity": "sha512-GrwoxYN+uWlzO8uhUXRl0P+kHE4GtVPfYzVLcUxPL7KNdHKj66vvlhiweIHqYYXWlw+T8iLMp42Lm67ghw4WMQ==",
      "dependencies": [
        "domelementtype"
      ]
    },
    "domutils@2.8.0": {
      "integrity": "sha512-w96Cjofp72M5IIhpjgobBimYEfoPjx1Vx0BSX9P30WBdZW2WIKU0T1Bd0kz2eNZ9ikjKgHbEyKx8BB6H1L3h3A==",
      "dependencies": [
        "dom-serializer",
        "domelementtype",
        "domhandler@4.3.1"
      ]
    },
    "end-of-stream@1.4.5": {
      "integrity": "sha512-ooEGc6HP26xXq/N+GCGOT0JKCLDGrq2bQUZrQ7gyrJiZANJ/8YDTxTpQBXGMn+WbIQXNVpyWymm7KYVICQnyOg==",
      "dependencies": [
        "once"
      ]
    },
    "entities@2.2.0": {
      "integrity": "sha512-p92if5Nz619I0w+akJrLZH0MX0Pb5DX39XOwQTtXSdQQOaYH03S1uIQp4mhOZtAXrxq4ViO67YTiLBo2638o9A=="
    },
    "fast-copy@3.0.2": {
      "integrity": "sha512-dl0O9Vhju8IrcLndv2eU4ldt1ftXMqqfgN4H1cpmGV7P6jeB9FwpN9a2c8DPGE1Ys88rNUJVYDHq73CGAGOPfQ=="
    },
    "fast-safe-stringify@2.1.1": {
      "integrity": "sha512-W+KJc2dmILlPplD/H4K9l9LcAHAfPtP6BY84uVLXQ6Evcz9Lcg33Y2z1IVblT6xdY54PXYVHEv+0Wpq8Io6zkA=="
    },
    "feed@5.1.0": {
      "integrity": "sha512-qGNhgYygnefSkAHHrNHqC7p3R8J0/xQDS/cYUud8er/qD9EFGWyCdUDfULHTJQN1d3H3WprzVwMc9MfB4J50Wg==",
      "dependencies": [
        "xml-js"
      ]
    },
    "fflate@0.8.2": {
      "integrity": "sha512-cPJU47OaAoCbg0pBvzsgpTPhmhqI5eJjh/JIu8tPj5q+T7iLvW/JAYUqmE7KOB4R1ZyEhzBaIQpQpardBF5z8A=="
    },
    "file-type@21.0.0": {
      "integrity": "sha512-ek5xNX2YBYlXhiUXui3D/BXa3LdqPmoLJ7rqEx2bKJ7EAUEfmXgW0Das7Dc6Nr9MvqaOnIqiPV0mZk/r/UpNAg==",
      "dependencies": [
        "@tokenizer/inflate",
        "strtok3",
        "token-types",
        "uint8array-extras"
      ]
    },
    "help-me@5.0.0": {
      "integrity": "sha512-7xgomUX6ADmcYzFik0HzAxh/73YlKR9bmFzf51CZwR+b6YtzU2m0u49hQCqV6SvlqIqsaxovfwdvbnsw3b/zpg=="
    },
    "hono@4.10.7": {
      "integrity": "sha512-icXIITfw/07Q88nLSkB9aiUrd8rYzSweK681Kjo/TSggaGbOX4RRyxxm71v+3PC8C/j+4rlxGeoTRxQDkaJkUw=="
    },
    "htmlparser2@5.0.1": {
      "integrity": "sha512-vKZZra6CSe9qsJzh0BjBGXo8dvzNsq/oGvsjfRdOrrryfeD9UOBEEQdeoqCRmKZchF5h2zOBMQ6YuQ0uRUmdbQ==",
      "dependencies": [
        "domelementtype",
        "domhandler@3.3.0",
        "domutils",
        "entities"
      ]
    },
    "ieee754@1.2.1": {
      "integrity": "sha512-dcyqhDvX1C46lXZcVqCpK+FtMRQVdIMN6/Df5js2zouUsqG7I6sFxitIC+7KYK29KdXOLHdu9zL4sFnoVQnqaA=="
    },
    "iron-webcrypto@1.2.1": {
      "integrity": "sha512-feOM6FaSr6rEABp/eDfVseKyTMDt+KGpeB35SkVn9Tyn0CqvVsY3EwI0v5i8nMHyJnzCIQf7nsy3p41TPkJZhg=="
    },
    "joycon@3.1.1": {
      "integrity": "sha512-34wB/Y7MW7bzjKRjUKTa46I2Z7eV62Rkhva+KkopW7Qvv/OSWBqvkSY7vusOPrNuZcUG3tApvdVgNB8POj3SPw=="
    },
    "minimist@1.2.8": {
      "integrity": "sha512-2yyAR8qBkN3YuheJanUpWC5U3bb5osDywNB8RzDVlDwDHbocAJveqqj1u8+SVD7jkWT4yvsHCpWqqWqAxb0zCA=="
    },
    "ms@2.1.3": {
      "integrity": "sha512-6FlzubTLZG3J2a/NVCAleEhjzq5oxgHyaCU9yYXvcLsvoVaHJq/s5xXI6/XXP6tz7R9xAOtHnSO/tXtF3WRTlA=="
    },
    "normalize-url@8.1.0": {
      "integrity": "sha512-X06Mfd/5aKsRHc0O0J5CUedwnPmnDtLF2+nq+KN9KSDlJHkPuh0JUviWjEWMe0SW/9TDdSLVPuk7L5gGTIA1/w=="
    },
    "ohash@2.0.11": {
      "integrity": "sha512-RdR9FQrFwNBNXAr4GixM8YaRZRJ5PUWbKYbE5eOsrwAjJW0q2REGcf79oYPsLyskQCZG1PLN+S/K1V00joZAoQ=="
    },
    "on-exit-leak-free@2.1.2": {
      "integrity": "sha512-0eJJY6hXLGf1udHwfNftBqH+g73EU4B504nZeKpz1sYRKafAghwxEJunB2O7rDZkL4PGfsMVnTXZ2EjibbqcsA=="
    },
    "once@1.4.0": {
      "integrity": "sha512-lNaJgI+2Q5URQBkccEKHTQOPaXdUxnZZElQTZY0MFUAuaEqe1E+Nyvgdz/aIyNi6Z9MzO5dv1H8n58/GELp3+w==",
      "dependencies": [
        "wrappy"
      ]
    },
    "pino-abstract-transport@2.0.0": {
      "integrity": "sha512-F63x5tizV6WCh4R6RHyi2Ml+M70DNRXt/+HANowMflpgGFMAym/VKm6G7ZOQRjqN7XbGxK1Lg9t6ZrtzOaivMw==",
      "dependencies": [
        "split2"
      ]
    },
    "pino-pretty@13.1.2": {
      "integrity": "sha512-3cN0tCakkT4f3zo9RXDIhy6GTvtYD6bK4CRBLN9j3E/ePqN1tugAXD5rGVfoChW6s0hiek+eyYlLNqc/BG7vBQ==",
      "dependencies": [
        "colorette",
        "dateformat",
        "fast-copy",
        "fast-safe-stringify",
        "help-me",
        "joycon",
        "minimist",
        "on-exit-leak-free",
        "pino-abstract-transport",
        "pump",
        "secure-json-parse",
        "sonic-boom",
        "strip-json-comments"
      ],
      "bin": true
    },
    "pino-std-serializers@7.0.0": {
      "integrity": "sha512-e906FRY0+tV27iq4juKzSYPbUj2do2X2JX4EzSca1631EB2QJQUqGbDuERal7LCtOpxl6x3+nvo9NPZcmjkiFA=="
    },
    "pump@3.0.3": {
      "integrity": "sha512-todwxLMY7/heScKmntwQG8CXVkWUOdYxIvY2s0VWAAMh/nd8SoYiRaKjlr7+iCs984f2P8zvrfWcDDYVb73NfA==",
      "dependencies": [
        "end-of-stream",
        "once"
      ]
    },
    "sax@1.4.3": {
      "integrity": "sha512-yqYn1JhPczigF94DMS+shiDMjDowYO6y9+wB/4WgO0Y19jWYk0lQ4tuG5KI7kj4FTp1wxPj5IFfcrz/s1c3jjQ=="
    },
    "secure-json-parse@4.1.0": {
      "integrity": "sha512-l4KnYfEyqYJxDwlNVyRfO2E4NTHfMKAWdUuA8J0yve2Dz/E/PdBepY03RvyJpssIpRFwJoCD55wA+mEDs6ByWA=="
    },
    "sonic-boom@4.2.0": {
      "integrity": "sha512-INb7TM37/mAcsGmc9hyyI6+QR3rR1zVRu36B0NeGXKnOOLiZOfER5SA+N7X7k3yUYRzLWafduTDvJAfDswwEww==",
      "dependencies": [
        "atomic-sleep"
      ]
    },
    "split2@4.2.0": {
      "integrity": "sha512-UcjcJOWknrNkF6PLX83qcHM6KHgVKNkV62Y8a5uYDVv9ydGQVwAHMKqHdJje1VTWpljG0WYpCDhrCdAOYH4TWg=="
    },
    "strip-json-comments@5.0.3": {
      "integrity": "sha512-1tB5mhVo7U+ETBKNf92xT4hrQa3pm0MZ0PQvuDnWgAAGHDsfp4lPSpiS6psrSiet87wyGPh9ft6wmhOMQ0hDiw=="
    },
    "strtok3@10.3.4": {
      "integrity": "sha512-KIy5nylvC5le1OdaaoCJ07L+8iQzJHGH6pWDuzS+d07Cu7n1MZ2x26P8ZKIWfbK02+XIL8Mp4RkWeqdUCrDMfg==",
      "dependencies": [
        "@tokenizer/token"
      ]
    },
    "token-types@6.1.1": {
      "integrity": "sha512-kh9LVIWH5CnL63Ipf0jhlBIy0UsrMj/NJDfpsy1SqOXlLKEVyXXYrnFxFT1yOOYVGBSApeVnjPw/sBz5BfEjAQ==",
      "dependencies": [
        "@borewit/text-codec",
        "@tokenizer/token",
        "ieee754"
      ]
    },
    "uint8array-extras@1.5.0": {
      "integrity": "sha512-rvKSBiC5zqCCiDZ9kAOszZcDvdAHwwIKJG33Ykj43OKcWsnmcBRL09YTU4nOeHZ8Y2a7l1MgTd08SBe9A8Qj6A=="
    },
    "validator@13.15.23": {
      "integrity": "sha512-4yoz1kEWqUjzi5zsPbAS/903QXSYp0UOtHsPpp7p9rHAw/W+dkInskAE386Fat3oKRROwO98d9ZB0G4cObgUyw=="
    },
    "wrappy@1.0.2": {
      "integrity": "sha512-l4Sp/DRseor9wL6EvV2+TuQn63dMkPjZ/sp9XkghTEbV9KlPS1xUsZ3u7/IQO4wxtcFB4bgpQPRcR3QCvezPcQ=="
    },
    "xml-js@1.6.11": {
      "integrity": "sha512-7rVi2KMfwfWFl+GpPg6m80IVMWXLRjO+PxTq7V2CDhoGak0wzYzFgUY2m4XJ47OGdXd8eLE8EmwfAmdjw7lC1g==",
      "dependencies": [
        "sax"
      ],
      "bin": true
    }
  },
  "workspace": {
    "dependencies": [
      "jsr:@b-fuze/deno-dom@0.1.56",
      "jsr:@hono/hono@4.10.2",
      "jsr:@jcs224/hono-sessions@0.8.0",
      "jsr:@mjackson/multipart-parser@0.10.1",
      "jsr:@std/assert@1.0.15",
      "jsr:@std/async@1.0.15",
      "jsr:@std/cache@0.2.0",
      "jsr:@std/crypto@1.0.5",
      "jsr:@std/encoding@1.0.10",
      "jsr:@std/http@1.0.21",
      "jsr:@std/json@1.0.2",
      "jsr:@std/log@0.224.14",
      "jsr:@std/msgpack@1.0.3",
      "jsr:@std/streams@1.0.13",
      "jsr:@std/testing@1.0.16",
      "jsr:@std/text@1.0.16",
      "npm:@types/diffable-html@5.0.2",
      "npm:@vinejs/vine@4.0.1",
      "npm:bootstrap-icons@1.13.1",
      "npm:bootstrap@5.3.8",
      "npm:dbmate@2.28.0",
      "npm:diffable-html@6.0.1",
      "npm:feed@5.1.0",
      "npm:file-type@21.0.0",
      "npm:ms@2.1.3",
      "npm:pino-pretty@13.1.2",
      "npm:pino-std-serializers@7.0.0"
    ]
  }
}
