{
  "version": "3",
  "packages": {
    "specifiers": {
      "jsr:@db/sqlite@0.11.1": "jsr:@db/sqlite@0.11.1",
      "jsr:@denosaurs/plug@1": "jsr:@denosaurs/plug@1.0.6",
      "jsr:@m4rc3l05/cron@0.1.4": "jsr:@m4rc3l05/cron@0.1.4",
      "jsr:@m4rc3l05/sqlite-tag@0.1.7": "jsr:@m4rc3l05/sqlite-tag@0.1.7",
      "jsr:@std/assert@^0.217.0": "jsr:@std/assert@0.217.0",
      "jsr:@std/assert@^0.221.0": "jsr:@std/assert@0.221.0",
      "jsr:@std/assert@^0.222.1": "jsr:@std/assert@0.222.1",
      "jsr:@std/async@0.222.1": "jsr:@std/async@0.222.1",
      "jsr:@std/async@^0.220.1": "jsr:@std/async@0.220.1",
      "jsr:@std/bytes@^0.222.1": "jsr:@std/bytes@0.222.1",
      "jsr:@std/collections@0.222.1": "jsr:@std/collections@0.222.1",
      "jsr:@std/encoding@0.222.1": "jsr:@std/encoding@0.222.1",
      "jsr:@std/encoding@^0.221.0": "jsr:@std/encoding@0.221.0",
      "jsr:@std/fmt@^0.221.0": "jsr:@std/fmt@0.221.0",
      "jsr:@std/fmt@^0.222.1": "jsr:@std/fmt@0.222.1",
      "jsr:@std/fs@^0.221.0": "jsr:@std/fs@0.221.0",
      "jsr:@std/fs@^0.222.1": "jsr:@std/fs@0.222.1",
      "jsr:@std/io@^0.222.1": "jsr:@std/io@0.222.1",
      "jsr:@std/log@0.222.1": "jsr:@std/log@0.222.1",
      "jsr:@std/path@0.217": "jsr:@std/path@0.217.0",
      "jsr:@std/path@^0.221.0": "jsr:@std/path@0.221.0",
      "jsr:@std/streams@0.222.1": "jsr:@std/streams@0.222.1",
      "jsr:@std/text@0.222.1": "jsr:@std/text@0.222.1",
      "npm:@vinejs/vine@2.0.0": "npm:@vinejs/vine@2.0.0",
      "npm:config@3.3.11": "npm:config@3.3.11",
      "npm:cron-parser@4.9.0": "npm:cron-parser@4.9.0",
      "npm:feed@4.2.2": "npm:feed@4.2.2",
      "npm:hono@4.2.4": "npm:hono@4.2.4",
      "npm:lodash-es@4.17.21": "npm:lodash-es@4.17.21",
      "npm:ms@2.1.3": "npm:ms@2.1.3"
    },
    "jsr": {
      "@db/sqlite@0.11.1": {
        "integrity": "546434e7ed762db07e6ade0f963540dd5e06723b802937bf260ff855b21ef9c5",
        "dependencies": [
          "jsr:@denosaurs/plug@1",
          "jsr:@std/path@0.217"
        ]
      },
      "@denosaurs/plug@1.0.6": {
        "integrity": "6cf5b9daba7799837b9ffbe89f3450510f588fafef8115ddab1ff0be9cb7c1a7",
        "dependencies": [
          "jsr:@std/encoding@^0.221.0",
          "jsr:@std/fmt@^0.221.0",
          "jsr:@std/fs@^0.221.0",
          "jsr:@std/path@^0.221.0"
        ]
      },
      "@m4rc3l05/cron@0.1.4": {
        "integrity": "354476cfbe5f3734399bb240d764aa92c93086a61654c7f820b378af88c98feb",
        "dependencies": [
          "jsr:@std/async@^0.220.1",
          "npm:cron-parser@4.9.0"
        ]
      },
      "@m4rc3l05/sqlite-tag@0.1.7": {
        "integrity": "3dff883763c06e97f836fe1ab82482a82e897a574072f24029ade6a5d4836fbb"
      },
      "@std/assert@0.217.0": {
        "integrity": "c98e279362ca6982d5285c3b89517b757c1e3477ee9f14eb2fdf80a45aaa9642"
      },
      "@std/assert@0.221.0": {
        "integrity": "a5f1aa6e7909dbea271754fd4ab3f4e687aeff4873b4cef9a320af813adb489a"
      },
      "@std/assert@0.222.1": {
        "integrity": "691637161ee584a9919d1f9950ddd1272feb8e0a19e83aa5b7563cedaf73d74c"
      },
      "@std/async@0.220.1": {
        "integrity": "61f0e9c53bf81f516aa7f54843f307eb5f05c5cf9902575a636ead162b5dfafe"
      },
      "@std/async@0.222.1": {
        "integrity": "9584f4612f96e604a7e49dba3caf703c28d3921faa5be7147a78864a93831af6",
        "dependencies": [
          "jsr:@std/assert@^0.222.1"
        ]
      },
      "@std/bytes@0.222.1": {
        "integrity": "04dbf33e889ed5f9f6a87bc6b6b882dc105fffae6d2b042f832d92d4f34771c0"
      },
      "@std/collections@0.222.1": {
        "integrity": "234099e08eead6a87e59f4f1abdcba35df5503cfb0e852e77a19f79359ed5760"
      },
      "@std/encoding@0.221.0": {
        "integrity": "d1dd76ef0dc5d14088411e6dc1dede53bf8308c95d1537df1214c97137208e45"
      },
      "@std/encoding@0.222.1": {
        "integrity": "fb6c1d38722feebc8d4a5efa3eb2039ecec0d50d053186240484d0c4a4ce1006"
      },
      "@std/fmt@0.221.0": {
        "integrity": "379fed69bdd9731110f26b9085aeb740606b20428ce6af31ef6bd45ef8efa62a"
      },
      "@std/fmt@0.222.1": {
        "integrity": "ec3382f9b0261c1ab1a5c804aa355d816515fa984cdd827ed32edfb187c0a722"
      },
      "@std/fs@0.221.0": {
        "integrity": "028044450299de8ed5a716ade4e6d524399f035513b85913794f4e81f07da286",
        "dependencies": [
          "jsr:@std/assert@^0.221.0",
          "jsr:@std/path@^0.221.0"
        ]
      },
      "@std/fs@0.222.1": {
        "integrity": "337613f33e6e5970dddb263c3a3e5b8e39c97810ad6fe326cb9f65146af2503b"
      },
      "@std/io@0.222.1": {
        "integrity": "45c638370bccc0687d11e32481b276126201014516ffbe2f340700b8d81c015e"
      },
      "@std/log@0.222.1": {
        "integrity": "42c69ec02e98d429e4a72b1ee71309ac77319d8714db788d9af182b2b56e8cb1",
        "dependencies": [
          "jsr:@std/assert@^0.222.1",
          "jsr:@std/fmt@^0.222.1",
          "jsr:@std/fs@^0.222.1",
          "jsr:@std/io@^0.222.1"
        ]
      },
      "@std/path@0.217.0": {
        "integrity": "1217cc25534bca9a2f672d7fe7c6f356e4027df400c0e85c0ef3e4343bc67d11",
        "dependencies": [
          "jsr:@std/assert@^0.217.0"
        ]
      },
      "@std/path@0.221.0": {
        "integrity": "0a36f6b17314ef653a3a1649740cc8db51b25a133ecfe838f20b79a56ebe0095",
        "dependencies": [
          "jsr:@std/assert@^0.221.0"
        ]
      },
      "@std/streams@0.222.1": {
        "integrity": "0bb4220c1dc5106e45a309179f76df95c786c9fff814d195d5ee2160931bfc7c",
        "dependencies": [
          "jsr:@std/assert@^0.222.1",
          "jsr:@std/bytes@^0.222.1",
          "jsr:@std/io@^0.222.1"
        ]
      },
      "@std/text@0.222.1": {
        "integrity": "2a6ec21c153601829c7d47647945d71a3ec986254f6335dd3c22b5fd8daa9b9a",
        "dependencies": [
          "jsr:@std/assert@^0.222.1"
        ]
      }
    },
    "npm": {
      "@poppinss/macroable@1.0.2": {
        "integrity": "sha512-xhhEcEvhQC8mP5oOr5hbE4CmUgmw/IPV1jhpGg2xSkzoFrt9i8YVqBQt9744EFesi5F7pBheWozg63RUBM/5JA==",
        "dependencies": {}
      },
      "@types/validator@13.11.9": {
        "integrity": "sha512-FCTsikRozryfayPuiI46QzH3fnrOoctTjvOYZkho9BTFLCOZ2rgZJHMOVgCOfttjPJcgOx52EpkY0CMfy87MIw==",
        "dependencies": {}
      },
      "@vinejs/compiler@2.5.0": {
        "integrity": "sha512-hg4ekaB5Y2zh+IWzBiC/WCDWrIfpVnKu/ubUvelKlidc/VbulsexoFRw5kJGHZenPVI5YzNnDeTdYSALkTV7jQ==",
        "dependencies": {}
      },
      "@vinejs/vine@2.0.0": {
        "integrity": "sha512-NqgT4B2uo4mMsGI8LJdpuXNnan7F3xm10+kHaXpqI0PCYpn7+Xiic6av586mmj747/qZ3iR8o4C9cL54WU1fWw==",
        "dependencies": {
          "@poppinss/macroable": "@poppinss/macroable@1.0.2",
          "@types/validator": "@types/validator@13.11.9",
          "@vinejs/compiler": "@vinejs/compiler@2.5.0",
          "camelcase": "camelcase@8.0.0",
          "dayjs": "dayjs@1.11.10",
          "dlv": "dlv@1.1.3",
          "normalize-url": "normalize-url@8.0.1",
          "validator": "validator@13.11.0"
        }
      },
      "camelcase@8.0.0": {
        "integrity": "sha512-8WB3Jcas3swSvjIeA2yvCJ+Miyz5l1ZmB6HFb9R1317dt9LCQoswg/BGrmAmkWVEszSrrg4RwmO46qIm2OEnSA==",
        "dependencies": {}
      },
      "config@3.3.11": {
        "integrity": "sha512-Dhn63ZoWCW5EMg4P0Sl/XNsj/7RLiUIA1x1npCy+m2cRwRHzLnt3UtYtxRDMZW/6oOMdWhCzaGYkOcajGgrAOA==",
        "dependencies": {
          "json5": "json5@2.2.3"
        }
      },
      "cron-parser@4.9.0": {
        "integrity": "sha512-p0SaNjrHOnQeR8/VnfGbmg9te2kfyYSQ7Sc/j/6DtPL3JQvKxmjO9TSjNFpujqV3vEYYBvNNvXSxzyksBWAx1Q==",
        "dependencies": {
          "luxon": "luxon@3.4.4"
        }
      },
      "dayjs@1.11.10": {
        "integrity": "sha512-vjAczensTgRcqDERK0SR2XMwsF/tSvnvlv6VcF2GIhg6Sx4yOIt/irsr1RDJsKiIyBzJDpCoXiWWq28MqH2cnQ==",
        "dependencies": {}
      },
      "dlv@1.1.3": {
        "integrity": "sha512-+HlytyjlPKnIG8XuRG8WvmBP8xs8P71y+SKKS6ZXWoEgLuePxtDoUEiH7WkdePWrQ5JBpE6aoVqfZfJUQkjXwA==",
        "dependencies": {}
      },
      "feed@4.2.2": {
        "integrity": "sha512-u5/sxGfiMfZNtJ3OvQpXcvotFpYkL0n9u9mM2vkui2nGo8b4wvDkJ8gAkYqbA8QpGyFCv3RK0Z+Iv+9veCS9bQ==",
        "dependencies": {
          "xml-js": "xml-js@1.6.11"
        }
      },
      "hono@4.2.4": {
        "integrity": "sha512-2T5Ahxh8tT0ISKCrNeA+OIwfD5W4EZ00iIMYBBCuiIivr+sOrZYOphinARSG7wL3nFsY6zkFHMMZbcR9CzEzug==",
        "dependencies": {}
      },
      "json5@2.2.3": {
        "integrity": "sha512-XmOWe7eyHYH14cLdVPoyg+GOH3rYX++KpzrylJwSW98t3Nk+U8XOl8FWKOgwtzdb8lXGf6zYwDUzeHMWfxasyg==",
        "dependencies": {}
      },
      "lodash-es@4.17.21": {
        "integrity": "sha512-mKnC+QJ9pWVzv+C4/U3rRsHapFfHvQFoFB92e52xeyGMcX6/OlIl78je1u8vePzYZSkkogMPJ2yjxxsb89cxyw==",
        "dependencies": {}
      },
      "luxon@3.4.4": {
        "integrity": "sha512-zobTr7akeGHnv7eBOXcRgMeCP6+uyYsczwmeRCauvpvaAltgNyTbLH/+VaEAPUeWBT+1GuNmz4wC/6jtQzbbVA==",
        "dependencies": {}
      },
      "ms@2.1.3": {
        "integrity": "sha512-6FlzubTLZG3J2a/NVCAleEhjzq5oxgHyaCU9yYXvcLsvoVaHJq/s5xXI6/XXP6tz7R9xAOtHnSO/tXtF3WRTlA==",
        "dependencies": {}
      },
      "normalize-url@8.0.1": {
        "integrity": "sha512-IO9QvjUMWxPQQhs60oOu10CRkWCiZzSUkzbXGGV9pviYl1fXYcvkzQ5jV9z8Y6un8ARoVRl4EtC6v6jNqbaJ/w==",
        "dependencies": {}
      },
      "sax@1.3.0": {
        "integrity": "sha512-0s+oAmw9zLl1V1cS9BtZN7JAd0cW5e0QH4W3LWEK6a4LaLEA2OTpGYWDY+6XasBLtz6wkm3u1xRw95mRuJ59WA==",
        "dependencies": {}
      },
      "validator@13.11.0": {
        "integrity": "sha512-Ii+sehpSfZy+At5nPdnyMhx78fEoPDkR2XW/zimHEL3MyGJQOCQ7WeP20jPYRz7ZCpcKLB21NxuXHF3bxjStBQ==",
        "dependencies": {}
      },
      "xml-js@1.6.11": {
        "integrity": "sha512-7rVi2KMfwfWFl+GpPg6m80IVMWXLRjO+PxTq7V2CDhoGak0wzYzFgUY2m4XJ47OGdXd8eLE8EmwfAmdjw7lC1g==",
        "dependencies": {
          "sax": "sax@1.3.0"
        }
      }
    }
  },
  "remote": {},
  "workspace": {
    "dependencies": [
      "jsr:@db/sqlite@0.11.1",
      "jsr:@m4rc3l05/cron@0.1.4",
      "jsr:@m4rc3l05/sqlite-tag@0.1.7",
      "jsr:@std/async@0.222.1",
      "jsr:@std/collections@0.222.1",
      "jsr:@std/encoding@0.222.1",
      "jsr:@std/log@0.222.1",
      "jsr:@std/streams@0.222.1",
      "jsr:@std/text@0.222.1",
      "npm:@vinejs/vine@2.0.0",
      "npm:config@3.3.11",
      "npm:feed@4.2.2",
      "npm:hono@4.2.4",
      "npm:lodash-es@4.17.21",
      "npm:ms@2.1.3"
    ]
  }
}
