{
  "version": "3",
  "packages": {
    "specifiers": {
      "jsr:@db/sqlite@0.11.1": "jsr:@db/sqlite@0.11.1",
      "jsr:@denosaurs/plug@1": "jsr:@denosaurs/plug@1.0.6",
      "jsr:@hono/hono@4.4.0": "jsr:@hono/hono@4.4.0",
      "jsr:@m4rc3l05/cron@1.1.0": "jsr:@m4rc3l05/cron@1.1.0",
      "jsr:@m4rc3l05/process-lifecycle@0.1.0": "jsr:@m4rc3l05/process-lifecycle@0.1.0",
      "jsr:@m4rc3l05/requester@0.4.0": "jsr:@m4rc3l05/requester@0.4.0",
      "jsr:@m4rc3l05/sqlite-tag@0.1.7": "jsr:@m4rc3l05/sqlite-tag@0.1.7",
      "jsr:@std/assert@^0.217.0": "jsr:@std/assert@0.217.0",
      "jsr:@std/assert@^0.221.0": "jsr:@std/assert@0.221.0",
      "jsr:@std/assert@^0.224.0": "jsr:@std/assert@0.224.0",
      "jsr:@std/assert@^0.225.1": "jsr:@std/assert@0.225.3",
      "jsr:@std/assert@^0.225.3": "jsr:@std/assert@0.225.3",
      "jsr:@std/async@0.220.1": "jsr:@std/async@0.220.1",
      "jsr:@std/async@0.224.1": "jsr:@std/async@0.224.1",
      "jsr:@std/bytes@^0.224.0": "jsr:@std/bytes@0.224.0",
      "jsr:@std/bytes@^1.0.0-rc.3": "jsr:@std/bytes@1.0.0-rc.3",
      "jsr:@std/collections@0.224.2": "jsr:@std/collections@0.224.2",
      "jsr:@std/encoding@0.224.2": "jsr:@std/encoding@0.224.2",
      "jsr:@std/encoding@^0.221.0": "jsr:@std/encoding@0.221.0",
      "jsr:@std/fmt@^0.221.0": "jsr:@std/fmt@0.221.0",
      "jsr:@std/fmt@^0.225.0": "jsr:@std/fmt@0.225.1",
      "jsr:@std/fs@^0.221.0": "jsr:@std/fs@0.221.0",
      "jsr:@std/fs@^0.229.0": "jsr:@std/fs@0.229.1",
      "jsr:@std/io@^0.224.0": "jsr:@std/io@0.224.0",
      "jsr:@std/log@0.224.1": "jsr:@std/log@0.224.1",
      "jsr:@std/path@0.217": "jsr:@std/path@0.217.0",
      "jsr:@std/path@^0.221.0": "jsr:@std/path@0.221.0",
      "jsr:@std/streams@0.224.1": "jsr:@std/streams@0.224.1",
      "jsr:@std/text@0.224.0": "jsr:@std/text@0.224.0",
      "npm:@types/node": "npm:@types/node@18.16.19",
      "npm:@vinejs/vine@2.0.0": "npm:@vinejs/vine@2.0.0",
      "npm:config@3.3.11": "npm:config@3.3.11",
      "npm:cron-parser@4.9.0": "npm:cron-parser@4.9.0",
      "npm:dayjs@1.11.10": "npm:dayjs@1.11.10",
      "npm:feed@4.2.2": "npm:feed@4.2.2",
      "npm:lodash-es@4.17.21": "npm:lodash-es@4.17.21",
      "npm:ms@2.1.3": "npm:ms@2.1.3"
    },
    "jsr": {
      "@db/sqlite@0.11.1": {
        "integrity": "546434e7ed762db07e6ade0f963540dd5e06723b802937bf260ff855b21ef9c5",
        "dependencies": [
          "jsr:@denosaurs/plug@1",
          "jsr:@std/path@0.217"
        ]
      },
      "@denosaurs/plug@1.0.6": {
        "integrity": "6cf5b9daba7799837b9ffbe89f3450510f588fafef8115ddab1ff0be9cb7c1a7",
        "dependencies": [
          "jsr:@std/encoding@^0.221.0",
          "jsr:@std/fmt@^0.221.0",
          "jsr:@std/fs@^0.221.0",
          "jsr:@std/path@^0.221.0"
        ]
      },
      "@hono/hono@4.4.0": {
        "integrity": "3a720bde9692549ecef9117b2069b318e9e976a8af7588d9d8f3051b81d95b8d"
      },
      "@m4rc3l05/cron@1.1.0": {
        "integrity": "297bd4ea6b7c27d3b4afb8f726e8319e1e79ab887c0ef8612047e7a9e9081a9a",
        "dependencies": [
          "jsr:@std/async@0.220.1",
          "npm:cron-parser@4.9.0",
          "npm:dayjs@1.11.10"
        ]
      },
      "@m4rc3l05/process-lifecycle@0.1.0": {
        "integrity": "f900dfe4d28e8418a0d62f7636f8a3315b7b87a142a059fb50f62aa415d7585b"
      },
      "@m4rc3l05/requester@0.4.0": {
        "integrity": "acf8e3e2d7f956668fc08a1c8daff4e572220a4362827a1ec2ce0878e7d3ce9f"
      },
      "@m4rc3l05/sqlite-tag@0.1.7": {
        "integrity": "3dff883763c06e97f836fe1ab82482a82e897a574072f24029ade6a5d4836fbb"
      },
      "@std/assert@0.217.0": {
        "integrity": "c98e279362ca6982d5285c3b89517b757c1e3477ee9f14eb2fdf80a45aaa9642"
      },
      "@std/assert@0.221.0": {
        "integrity": "a5f1aa6e7909dbea271754fd4ab3f4e687aeff4873b4cef9a320af813adb489a"
      },
      "@std/assert@0.224.0": {
        "integrity": "8643233ec7aec38a940a8264a6e3eed9bfa44e7a71cc6b3c8874213ff401967f"
      },
      "@std/assert@0.225.3": {
        "integrity": "b3c2847aecf6955b50644cdb9cf072004ea3d1998dd7579fc0acb99dbb23bd4f"
      },
      "@std/async@0.220.1": {
        "integrity": "61f0e9c53bf81f516aa7f54843f307eb5f05c5cf9902575a636ead162b5dfafe"
      },
      "@std/async@0.224.1": {
        "integrity": "2fda2c8151cc5811a6ca37fe825f1f71c95e02a374abb6ef868e0e19eca814a5",
        "dependencies": [
          "jsr:@std/assert@^0.225.3"
        ]
      },
      "@std/bytes@0.224.0": {
        "integrity": "a2250e1d0eb7d1c5a426f21267ab9bdeac2447fa87a3d0d1a467d3f7a6058e49"
      },
      "@std/bytes@1.0.0-rc.3": {
        "integrity": "b3e93f73f1ccf167124f695596d2d026b0030930c38bd0ddec81d7f75ab41948"
      },
      "@std/collections@0.224.2": {
        "integrity": "e77819455294e92d4e7ddad1dbfd46f94174c09318e541e6621fac4a4d0ab326"
      },
      "@std/encoding@0.221.0": {
        "integrity": "d1dd76ef0dc5d14088411e6dc1dede53bf8308c95d1537df1214c97137208e45"
      },
      "@std/encoding@0.224.2": {
        "integrity": "bd9ef45d6028296440005804db7fc8fcc86e72fc1a19bb77684fb39c4a613672"
      },
      "@std/fmt@0.221.0": {
        "integrity": "379fed69bdd9731110f26b9085aeb740606b20428ce6af31ef6bd45ef8efa62a"
      },
      "@std/fmt@0.225.1": {
        "integrity": "44a8cb375d7344adb3cb0208b85ea0bde7cdc15224c11188c85e733834ffe356"
      },
      "@std/fs@0.221.0": {
        "integrity": "028044450299de8ed5a716ade4e6d524399f035513b85913794f4e81f07da286",
        "dependencies": [
          "jsr:@std/assert@^0.221.0",
          "jsr:@std/path@^0.221.0"
        ]
      },
      "@std/fs@0.229.1": {
        "integrity": "38d3fb31f0ca0a8c1118e039939188f32e291a3f7f17dc0868fec22024bdfadd"
      },
      "@std/io@0.224.0": {
        "integrity": "0aff885d21d829c050b8a08b1d71b54aed5841aecf227f8d77e99ec529a11e8e",
        "dependencies": [
          "jsr:@std/bytes@^0.224.0"
        ]
      },
      "@std/log@0.224.1": {
        "integrity": "243688532289298670034915da5e2987cc544938c566c7d508afb7e06ec3fe9d",
        "dependencies": [
          "jsr:@std/assert@^0.225.1",
          "jsr:@std/fmt@^0.225.0",
          "jsr:@std/fs@^0.229.0",
          "jsr:@std/io@^0.224.0"
        ]
      },
      "@std/path@0.217.0": {
        "integrity": "1217cc25534bca9a2f672d7fe7c6f356e4027df400c0e85c0ef3e4343bc67d11",
        "dependencies": [
          "jsr:@std/assert@^0.217.0"
        ]
      },
      "@std/path@0.221.0": {
        "integrity": "0a36f6b17314ef653a3a1649740cc8db51b25a133ecfe838f20b79a56ebe0095",
        "dependencies": [
          "jsr:@std/assert@^0.221.0"
        ]
      },
      "@std/streams@0.224.1": {
        "integrity": "e8565a376ae3888f60770cd09e480952ec7c349007aed81b8f7165424ce2195f",
        "dependencies": [
          "jsr:@std/assert@^0.225.3",
          "jsr:@std/bytes@^1.0.0-rc.3",
          "jsr:@std/io@^0.224.0"
        ]
      },
      "@std/text@0.224.0": {
        "integrity": "b01344b9222bff9374e5fde3457de18c9835c4b65dcb1d5ec0fad2c3ab2f0a48",
        "dependencies": [
          "jsr:@std/assert@^0.224.0"
        ]
      }
    },
    "npm": {
      "@poppinss/macroable@1.0.2": {
        "integrity": "sha512-xhhEcEvhQC8mP5oOr5hbE4CmUgmw/IPV1jhpGg2xSkzoFrt9i8YVqBQt9744EFesi5F7pBheWozg63RUBM/5JA==",
        "dependencies": {}
      },
      "@types/node@18.16.19": {
        "integrity": "sha512-IXl7o+R9iti9eBW4Wg2hx1xQDig183jj7YLn8F7udNceyfkbn1ZxmzZXuak20gR40D7pIkIY1kYGx5VIGbaHKA==",
        "dependencies": {}
      },
      "@types/validator@13.11.10": {
        "integrity": "sha512-e2PNXoXLr6Z+dbfx5zSh9TRlXJrELycxiaXznp4S5+D2M3b9bqJEitNHA5923jhnB2zzFiZHa2f0SI1HoIahpg==",
        "dependencies": {}
      },
      "@vinejs/compiler@2.5.0": {
        "integrity": "sha512-hg4ekaB5Y2zh+IWzBiC/WCDWrIfpVnKu/ubUvelKlidc/VbulsexoFRw5kJGHZenPVI5YzNnDeTdYSALkTV7jQ==",
        "dependencies": {}
      },
      "@vinejs/vine@2.0.0": {
        "integrity": "sha512-NqgT4B2uo4mMsGI8LJdpuXNnan7F3xm10+kHaXpqI0PCYpn7+Xiic6av586mmj747/qZ3iR8o4C9cL54WU1fWw==",
        "dependencies": {
          "@poppinss/macroable": "@poppinss/macroable@1.0.2",
          "@types/validator": "@types/validator@13.11.10",
          "@vinejs/compiler": "@vinejs/compiler@2.5.0",
          "camelcase": "camelcase@8.0.0",
          "dayjs": "dayjs@1.11.10",
          "dlv": "dlv@1.1.3",
          "normalize-url": "normalize-url@8.0.1",
          "validator": "validator@13.12.0"
        }
      },
      "camelcase@8.0.0": {
        "integrity": "sha512-8WB3Jcas3swSvjIeA2yvCJ+Miyz5l1ZmB6HFb9R1317dt9LCQoswg/BGrmAmkWVEszSrrg4RwmO46qIm2OEnSA==",
        "dependencies": {}
      },
      "config@3.3.11": {
        "integrity": "sha512-Dhn63ZoWCW5EMg4P0Sl/XNsj/7RLiUIA1x1npCy+m2cRwRHzLnt3UtYtxRDMZW/6oOMdWhCzaGYkOcajGgrAOA==",
        "dependencies": {
          "json5": "json5@2.2.3"
        }
      },
      "cron-parser@4.9.0": {
        "integrity": "sha512-p0SaNjrHOnQeR8/VnfGbmg9te2kfyYSQ7Sc/j/6DtPL3JQvKxmjO9TSjNFpujqV3vEYYBvNNvXSxzyksBWAx1Q==",
        "dependencies": {
          "luxon": "luxon@3.4.4"
        }
      },
      "dayjs@1.11.10": {
        "integrity": "sha512-vjAczensTgRcqDERK0SR2XMwsF/tSvnvlv6VcF2GIhg6Sx4yOIt/irsr1RDJsKiIyBzJDpCoXiWWq28MqH2cnQ==",
        "dependencies": {}
      },
      "dlv@1.1.3": {
        "integrity": "sha512-+HlytyjlPKnIG8XuRG8WvmBP8xs8P71y+SKKS6ZXWoEgLuePxtDoUEiH7WkdePWrQ5JBpE6aoVqfZfJUQkjXwA==",
        "dependencies": {}
      },
      "feed@4.2.2": {
        "integrity": "sha512-u5/sxGfiMfZNtJ3OvQpXcvotFpYkL0n9u9mM2vkui2nGo8b4wvDkJ8gAkYqbA8QpGyFCv3RK0Z+Iv+9veCS9bQ==",
        "dependencies": {
          "xml-js": "xml-js@1.6.11"
        }
      },
      "json5@2.2.3": {
        "integrity": "sha512-XmOWe7eyHYH14cLdVPoyg+GOH3rYX++KpzrylJwSW98t3Nk+U8XOl8FWKOgwtzdb8lXGf6zYwDUzeHMWfxasyg==",
        "dependencies": {}
      },
      "lodash-es@4.17.21": {
        "integrity": "sha512-mKnC+QJ9pWVzv+C4/U3rRsHapFfHvQFoFB92e52xeyGMcX6/OlIl78je1u8vePzYZSkkogMPJ2yjxxsb89cxyw==",
        "dependencies": {}
      },
      "luxon@3.4.4": {
        "integrity": "sha512-zobTr7akeGHnv7eBOXcRgMeCP6+uyYsczwmeRCauvpvaAltgNyTbLH/+VaEAPUeWBT+1GuNmz4wC/6jtQzbbVA==",
        "dependencies": {}
      },
      "ms@2.1.3": {
        "integrity": "sha512-6FlzubTLZG3J2a/NVCAleEhjzq5oxgHyaCU9yYXvcLsvoVaHJq/s5xXI6/XXP6tz7R9xAOtHnSO/tXtF3WRTlA==",
        "dependencies": {}
      },
      "normalize-url@8.0.1": {
        "integrity": "sha512-IO9QvjUMWxPQQhs60oOu10CRkWCiZzSUkzbXGGV9pviYl1fXYcvkzQ5jV9z8Y6un8ARoVRl4EtC6v6jNqbaJ/w==",
        "dependencies": {}
      },
      "sax@1.4.0": {
        "integrity": "sha512-G3nn4N8SRaR9NsCqEUHfTlfTM/Fgza1yfb8JP2CEmzYuHtHWza5Uf+g7nuUQq96prwu0GiGyPgDw752+j4fzQQ==",
        "dependencies": {}
      },
      "validator@13.12.0": {
        "integrity": "sha512-c1Q0mCiPlgdTVVVIJIrBuxNicYE+t/7oKeI9MWLj3fh/uq2Pxh/3eeWbVZ4OcGW1TUf53At0njHw5SMdA3tmMg==",
        "dependencies": {}
      },
      "xml-js@1.6.11": {
        "integrity": "sha512-7rVi2KMfwfWFl+GpPg6m80IVMWXLRjO+PxTq7V2CDhoGak0wzYzFgUY2m4XJ47OGdXd8eLE8EmwfAmdjw7lC1g==",
        "dependencies": {
          "sax": "sax@1.4.0"
        }
      }
    }
  },
  "remote": {},
  "workspace": {
    "dependencies": [
      "jsr:@db/sqlite@0.11.1",
      "jsr:@hono/hono@4.4.0",
      "jsr:@m4rc3l05/cron@1.1.0",
      "jsr:@m4rc3l05/process-lifecycle@0.1.0",
      "jsr:@m4rc3l05/requester@0.4.0",
      "jsr:@m4rc3l05/sqlite-tag@0.1.7",
      "jsr:@std/async@0.224.1",
      "jsr:@std/collections@0.224.2",
      "jsr:@std/encoding@0.224.2",
      "jsr:@std/log@0.224.1",
      "jsr:@std/streams@0.224.1",
      "jsr:@std/text@0.224.0",
      "npm:@vinejs/vine@2.0.0",
      "npm:config@3.3.11",
      "npm:feed@4.2.2",
      "npm:lodash-es@4.17.21",
      "npm:ms@2.1.3"
    ]
  }
}
